{
  "name": "azula",
  "version": "0.1.2",
  "lockfileVersion": 1,
  "requires": true,
  "dependencies": {
    "ncp": {
      "version": "2.0.0",
      "resolved": "https://registry.npmjs.org/ncp/-/ncp-2.0.0.tgz",
      "integrity": "sha1-GVoh1sRuNh0vsSgbo4uR6d9727M=",
      "dev": true
    },
    "node-addon-api": {
      "version": "1.7.1",
      "resolved": "https://registry.npmjs.org/node-addon-api/-/node-addon-api-1.7.1.tgz",
      "integrity": "sha512-2+DuKodWvwRTrCfKOeR24KIc5unKjOh8mz17NCzVnHWfjAdDqbfbjqh7gUT+BkXBRQM52+xCHciKWonJ3CbJMQ==",
      "dev": true
    },
    "nvk": {
      "version": "0.7.4",
      "resolved": "https://registry.npmjs.org/nvk/-/nvk-0.7.4.tgz",
      "integrity": "sha512-X5/cfx7BRC7PgHuhSKRBaa1j7s0Le95z7zB4Zfkw/Yjo//uiF3+bVREf+411b0448bZrqHj0eqgtPAY9P8Oknw==",
      "dev": true
    },
    "nvk-essentials": {
      "version": "0.1.2",
      "resolved": "https://registry.npmjs.org/nvk-essentials/-/nvk-essentials-0.1.2.tgz",
      "integrity": "sha512-m4xbAx9/BlT0oT3wSufMdkvVqc9olpkAMlavQnQYgm07QauF6TuiM9+ynRX9/Px9W6mWiIhQ2k9fYQUk7rMSgQ==",
      "dev": true
    }
  }
}
